
Microsoft Visual Studio Solution File, Format Version 12.00
# Visual Studio 15
VisualStudioVersion = 15.0.28010.2003
MinimumVisualStudioVersion = 10.0.40219.1
Project("{FAE04EC0-301F-11D3-BF4B-00C04F79EFBC}") = "SibersProjectsData", "SibersProjectsData\SibersProjectsData.csproj", "{F4FB6C2E-1FEA-448E-BA53-37B657EC88EF}"
EndProject
Global
	GlobalSection(SolutionConfigurationPlatforms) = preSolution
		Debug|Any CPU = Debug|Any CPU
		Release|Any CPU = Release|Any CPU
	EndGlobalSection
	GlobalSection(ProjectConfigurationPlatforms) = postSolution
		{F4FB6C2E-1FEA-448E-BA53-37B657EC88EF}.Debug|Any CPU.ActiveCfg = Debug|Any CPU
		{F4FB6C2E-1FEA-448E-BA53-37B657EC88EF}.Debug|Any CPU.Build.0 = Debug|Any CPU
		{F4FB6C2E-1FEA-448E-BA53-37B657EC88EF}.Release|Any CPU.ActiveCfg = Release|Any CPU
		{F4FB6C2E-1FEA-448E-BA53-37B657EC88EF}.Release|Any CPU.Build.0 = Release|Any CPU
	EndGlobalSection
	GlobalSection(SolutionProperties) = preSolution
		HideSolutionNode = FALSE
	EndGlobalSection
	GlobalSection(ExtensibilityGlobals) = postSolution
		SolutionGuid = {2E58876A-516D-4094-BF8B-829AC8B66853}
	EndGlobalSection
EndGlobal
